
Microsoft Visual Studio Solution File, Format Version 12.00
# Visual Studio Version 16
VisualStudioVersion = 16.0.32106.194
MinimumVisualStudioVersion = 10.0.40219.1
Project("{FAE04EC0-301F-11D3-BF4B-00C04F79EFBC}") = "Example", "Example\Example.csproj", "{C53A5F19-C5A9-48C7-9529-2D6AA6DA4E8C}"
EndProject
Global
	GlobalSection(SolutionConfigurationPlatforms) = preSolution
		Debug|Any CPU = Debug|Any CPU
		Release|Any CPU = Release|Any CPU
	EndGlobalSection
	GlobalSection(ProjectConfigurationPlatforms) = postSolution
		{C53A5F19-C5A9-48C7-9529-2D6AA6DA4E8C}.Debug|Any CPU.ActiveCfg = Debug|Any CPU
		{C53A5F19-C5A9-48C7-9529-2D6AA6DA4E8C}.Debug|Any CPU.Build.0 = Debug|Any CPU
		{C53A5F19-C5A9-48C7-9529-2D6AA6DA4E8C}.Release|Any CPU.ActiveCfg = Release|Any CPU
		{C53A5F19-C5A9-48C7-9529-2D6AA6DA4E8C}.Release|Any CPU.Build.0 = Release|Any CPU
	EndGlobalSection
	GlobalSection(SolutionProperties) = preSolution
		HideSolutionNode = FALSE
	EndGlobalSection
	GlobalSection(ExtensibilityGlobals) = postSolution
		SolutionGuid = {69A45C1E-5ECB-4047-85FA-C5DBB9571176}
	EndGlobalSection
EndGlobal
