
Microsoft Visual Studio Solution File, Format Version 12.00
# Visual Studio Version 16
VisualStudioVersion = 16.0.32106.194
MinimumVisualStudioVersion = 10.0.40219.1
Project("{FAE04EC0-301F-11D3-BF4B-00C04F79EFBC}") = "CoreExample", "CoreExample\CoreExample.csproj", "{1F562A9A-19F3-418F-AD51-A934264CF362}"
EndProject
Global
	GlobalSection(SolutionConfigurationPlatforms) = preSolution
		Debug|Any CPU = Debug|Any CPU
		Release|Any CPU = Release|Any CPU
	EndGlobalSection
	GlobalSection(ProjectConfigurationPlatforms) = postSolution
		{1F562A9A-19F3-418F-AD51-A934264CF362}.Debug|Any CPU.ActiveCfg = Debug|Any CPU
		{1F562A9A-19F3-418F-AD51-A934264CF362}.Debug|Any CPU.Build.0 = Debug|Any CPU
		{1F562A9A-19F3-418F-AD51-A934264CF362}.Release|Any CPU.ActiveCfg = Release|Any CPU
		{1F562A9A-19F3-418F-AD51-A934264CF362}.Release|Any CPU.Build.0 = Release|Any CPU
	EndGlobalSection
	GlobalSection(SolutionProperties) = preSolution
		HideSolutionNode = FALSE
	EndGlobalSection
	GlobalSection(ExtensibilityGlobals) = postSolution
		SolutionGuid = {5D4B09F7-BF46-4EC7-A28F-4F3F924C8408}
	EndGlobalSection
EndGlobal
